
Microsoft Visual Studio Solution File, Format Version 12.00
# Visual Studio Version 17
VisualStudioVersion = 17.4.33205.214
MinimumVisualStudioVersion = 10.0.40219.1
Project("{9A19103F-16F7-4668-BE54-9A1E7A4F7556}") = "1_Introduction", "1_Introduction\1_Introduction.csproj", "{2E9DB471-655B-4D8D-B344-00D10B8195B0}"
EndProject
Project("{9A19103F-16F7-4668-BE54-9A1E7A4F7556}") = "2_Read_Write_In_Console", "2_Read_Write_In_Console\2_Read_Write_In_Console.csproj", "{9150EE8B-EDF7-4FCB-A3CE-080DEDC50DEF}"
EndProject
Project("{9A19103F-16F7-4668-BE54-9A1E7A4F7556}") = "3_Built_In_Types", "3_Built_In_Types\3_Built_In_Types.csproj", "{7CE2B5C4-2EF9-4FDB-AD38-4CF8AD8530E6}"
EndProject
Project("{9A19103F-16F7-4668-BE54-9A1E7A4F7556}") = "4_String_Data_Type", "4_String_Data_Type\4_String_Data_Type.csproj", "{15D82AD3-22A4-4303-A270-B4272ABEAF7F}"
EndProject
Project("{9A19103F-16F7-4668-BE54-9A1E7A4F7556}") = "5_Common_Operator", "5_Common_Operator\5_Common_Operator.csproj", "{45F82261-E792-4431-8FF3-09B2C06EAEBB}"
EndProject
Project("{9A19103F-16F7-4668-BE54-9A1E7A4F7556}") = "6_Nullable_Type", "6_Nullable_Type\6_Nullable_Type.csproj", "{8023D63F-7B61-4938-9E0A-8ABB13C236B2}"
EndProject
Project("{9A19103F-16F7-4668-BE54-9A1E7A4F7556}") = "7_DataType_Conversion", "7_DataType_Conversion\7_DataType_Conversion.csproj", "{0285013C-4D1B-4AD5-A529-ED700F0AD1C1}"
EndProject
Project("{9A19103F-16F7-4668-BE54-9A1E7A4F7556}") = "8_Array", "8_Array\8_Array.csproj", "{FF9F7AC6-DEA9-4130-BD8B-7D45E345117F}"
EndProject
Project("{FAE04EC0-301F-11D3-BF4B-00C04F79EFBC}") = "9_Comments", "9_Comments\9_Comments.csproj", "{8AF54954-035F-4D66-963D-85115C40DDFF}"
EndProject
Project("{FAE04EC0-301F-11D3-BF4B-00C04F79EFBC}") = "10_If_Statement", "11_If_Statement\10_If_Statement.csproj", "{2B3676B3-7900-48D7-9D47-78AE9B0BB460}"
EndProject
Project("{FAE04EC0-301F-11D3-BF4B-00C04F79EFBC}") = "11_12_Switch_Statement", "11_Switch_Statement\11_12_Switch_Statement.csproj", "{E7F9F7B5-3ECE-44FF-80CC-63A8F9F42AA8}"
EndProject
Global
	GlobalSection(SolutionConfigurationPlatforms) = preSolution
		Debug|Any CPU = Debug|Any CPU
		Release|Any CPU = Release|Any CPU
	EndGlobalSection
	GlobalSection(ProjectConfigurationPlatforms) = postSolution
		{2E9DB471-655B-4D8D-B344-00D10B8195B0}.Debug|Any CPU.ActiveCfg = Debug|Any CPU
		{2E9DB471-655B-4D8D-B344-00D10B8195B0}.Debug|Any CPU.Build.0 = Debug|Any CPU
		{2E9DB471-655B-4D8D-B344-00D10B8195B0}.Release|Any CPU.ActiveCfg = Release|Any CPU
		{2E9DB471-655B-4D8D-B344-00D10B8195B0}.Release|Any CPU.Build.0 = Release|Any CPU
		{9150EE8B-EDF7-4FCB-A3CE-080DEDC50DEF}.Debug|Any CPU.ActiveCfg = Debug|Any CPU
		{9150EE8B-EDF7-4FCB-A3CE-080DEDC50DEF}.Debug|Any CPU.Build.0 = Debug|Any CPU
		{9150EE8B-EDF7-4FCB-A3CE-080DEDC50DEF}.Release|Any CPU.ActiveCfg = Release|Any CPU
		{9150EE8B-EDF7-4FCB-A3CE-080DEDC50DEF}.Release|Any CPU.Build.0 = Release|Any CPU
		{7CE2B5C4-2EF9-4FDB-AD38-4CF8AD8530E6}.Debug|Any CPU.ActiveCfg = Debug|Any CPU
		{7CE2B5C4-2EF9-4FDB-AD38-4CF8AD8530E6}.Debug|Any CPU.Build.0 = Debug|Any CPU
		{7CE2B5C4-2EF9-4FDB-AD38-4CF8AD8530E6}.Release|Any CPU.ActiveCfg = Release|Any CPU
		{7CE2B5C4-2EF9-4FDB-AD38-4CF8AD8530E6}.Release|Any CPU.Build.0 = Release|Any CPU
		{15D82AD3-22A4-4303-A270-B4272ABEAF7F}.Debug|Any CPU.ActiveCfg = Debug|Any CPU
		{15D82AD3-22A4-4303-A270-B4272ABEAF7F}.Debug|Any CPU.Build.0 = Debug|Any CPU
		{15D82AD3-22A4-4303-A270-B4272ABEAF7F}.Release|Any CPU.ActiveCfg = Release|Any CPU
		{15D82AD3-22A4-4303-A270-B4272ABEAF7F}.Release|Any CPU.Build.0 = Release|Any CPU
		{45F82261-E792-4431-8FF3-09B2C06EAEBB}.Debug|Any CPU.ActiveCfg = Debug|Any CPU
		{45F82261-E792-4431-8FF3-09B2C06EAEBB}.Debug|Any CPU.Build.0 = Debug|Any CPU
		{45F82261-E792-4431-8FF3-09B2C06EAEBB}.Release|Any CPU.ActiveCfg = Release|Any CPU
		{45F82261-E792-4431-8FF3-09B2C06EAEBB}.Release|Any CPU.Build.0 = Release|Any CPU
		{8023D63F-7B61-4938-9E0A-8ABB13C236B2}.Debug|Any CPU.ActiveCfg = Debug|Any CPU
		{8023D63F-7B61-4938-9E0A-8ABB13C236B2}.Debug|Any CPU.Build.0 = Debug|Any CPU
		{8023D63F-7B61-4938-9E0A-8ABB13C236B2}.Release|Any CPU.ActiveCfg = Release|Any CPU
		{8023D63F-7B61-4938-9E0A-8ABB13C236B2}.Release|Any CPU.Build.0 = Release|Any CPU
		{0285013C-4D1B-4AD5-A529-ED700F0AD1C1}.Debug|Any CPU.ActiveCfg = Debug|Any CPU
		{0285013C-4D1B-4AD5-A529-ED700F0AD1C1}.Debug|Any CPU.Build.0 = Debug|Any CPU
		{0285013C-4D1B-4AD5-A529-ED700F0AD1C1}.Release|Any CPU.ActiveCfg = Release|Any CPU
		{0285013C-4D1B-4AD5-A529-ED700F0AD1C1}.Release|Any CPU.Build.0 = Release|Any CPU
		{FF9F7AC6-DEA9-4130-BD8B-7D45E345117F}.Debug|Any CPU.ActiveCfg = Debug|Any CPU
		{FF9F7AC6-DEA9-4130-BD8B-7D45E345117F}.Debug|Any CPU.Build.0 = Debug|Any CPU
		{FF9F7AC6-DEA9-4130-BD8B-7D45E345117F}.Release|Any CPU.ActiveCfg = Release|Any CPU
		{FF9F7AC6-DEA9-4130-BD8B-7D45E345117F}.Release|Any CPU.Build.0 = Release|Any CPU
		{8AF54954-035F-4D66-963D-85115C40DDFF}.Debug|Any CPU.ActiveCfg = Debug|Any CPU
		{8AF54954-035F-4D66-963D-85115C40DDFF}.Debug|Any CPU.Build.0 = Debug|Any CPU
		{8AF54954-035F-4D66-963D-85115C40DDFF}.Release|Any CPU.ActiveCfg = Release|Any CPU
		{8AF54954-035F-4D66-963D-85115C40DDFF}.Release|Any CPU.Build.0 = Release|Any CPU
		{2B3676B3-7900-48D7-9D47-78AE9B0BB460}.Debug|Any CPU.ActiveCfg = Debug|Any CPU
		{2B3676B3-7900-48D7-9D47-78AE9B0BB460}.Debug|Any CPU.Build.0 = Debug|Any CPU
		{2B3676B3-7900-48D7-9D47-78AE9B0BB460}.Release|Any CPU.ActiveCfg = Release|Any CPU
		{2B3676B3-7900-48D7-9D47-78AE9B0BB460}.Release|Any CPU.Build.0 = Release|Any CPU
		{E7F9F7B5-3ECE-44FF-80CC-63A8F9F42AA8}.Debug|Any CPU.ActiveCfg = Debug|Any CPU
		{E7F9F7B5-3ECE-44FF-80CC-63A8F9F42AA8}.Debug|Any CPU.Build.0 = Debug|Any CPU
		{E7F9F7B5-3ECE-44FF-80CC-63A8F9F42AA8}.Release|Any CPU.ActiveCfg = Release|Any CPU
		{E7F9F7B5-3ECE-44FF-80CC-63A8F9F42AA8}.Release|Any CPU.Build.0 = Release|Any CPU
	EndGlobalSection
	GlobalSection(SolutionProperties) = preSolution
		HideSolutionNode = FALSE
	EndGlobalSection
	GlobalSection(ExtensibilityGlobals) = postSolution
		SolutionGuid = {B22A0DCC-70E2-4ABE-AFE5-B541479DB366}
	EndGlobalSection
EndGlobal
