
Microsoft Visual Studio Solution File, Format Version 12.00
# Visual Studio Version 17
VisualStudioVersion = 17.4.33205.214
MinimumVisualStudioVersion = 10.0.40219.1
Project("{9A19103F-16F7-4668-BE54-9A1E7A4F7556}") = "1_Introduction", "1_Introduction\1_Introduction.csproj", "{2E9DB471-655B-4D8D-B344-00D10B8195B0}"
EndProject
Project("{9A19103F-16F7-4668-BE54-9A1E7A4F7556}") = "2_Read_Write_In_Console", "2_Read_Write_In_Console\2_Read_Write_In_Console.csproj", "{9150EE8B-EDF7-4FCB-A3CE-080DEDC50DEF}"
EndProject
Project("{9A19103F-16F7-4668-BE54-9A1E7A4F7556}") = "3_Built_In_Types", "3_Built_In_Types\3_Built_In_Types.csproj", "{7CE2B5C4-2EF9-4FDB-AD38-4CF8AD8530E6}"
EndProject
Project("{9A19103F-16F7-4668-BE54-9A1E7A4F7556}") = "4_String_Data_Type", "4_String_Data_Type\4_String_Data_Type.csproj", "{15D82AD3-22A4-4303-A270-B4272ABEAF7F}"
EndProject
Project("{9A19103F-16F7-4668-BE54-9A1E7A4F7556}") = "5_Common_Operator", "5_Common_Operator\5_Common_Operator.csproj", "{45F82261-E792-4431-8FF3-09B2C06EAEBB}"
EndProject
Project("{9A19103F-16F7-4668-BE54-9A1E7A4F7556}") = "6_Nullable_Type", "6_Nullable_Type\6_Nullable_Type.csproj", "{8023D63F-7B61-4938-9E0A-8ABB13C236B2}"
EndProject
Project("{9A19103F-16F7-4668-BE54-9A1E7A4F7556}") = "7_DataType_Conversion", "7_DataType_Conversion\7_DataType_Conversion.csproj", "{0285013C-4D1B-4AD5-A529-ED700F0AD1C1}"
EndProject
Project("{9A19103F-16F7-4668-BE54-9A1E7A4F7556}") = "8_Array", "8_Array\8_Array.csproj", "{FF9F7AC6-DEA9-4130-BD8B-7D45E345117F}"
EndProject
Project("{9A19103F-16F7-4668-BE54-9A1E7A4F7556}") = "9_Comments", "9_Comments\9_Comments.csproj", "{8AF54954-035F-4D66-963D-85115C40DDFF}"
EndProject
Project("{9A19103F-16F7-4668-BE54-9A1E7A4F7556}") = "10_If_Statement", "11_If_Statement\10_If_Statement.csproj", "{2B3676B3-7900-48D7-9D47-78AE9B0BB460}"
EndProject
Project("{9A19103F-16F7-4668-BE54-9A1E7A4F7556}") = "11_12_Switch_Statement", "11_Switch_Statement\11_12_Switch_Statement.csproj", "{E7F9F7B5-3ECE-44FF-80CC-63A8F9F42AA8}"
EndProject
Project("{9A19103F-16F7-4668-BE54-9A1E7A4F7556}") = "13_While_Loop", "13_While_Loop\13_While_Loop.csproj", "{4977807F-8555-4298-810C-291770834727}"
EndProject
Project("{9A19103F-16F7-4668-BE54-9A1E7A4F7556}") = "14_Do_While_Loop", "14_Do_While_Loop\14_Do_While_Loop.csproj", "{C792676C-496C-4375-B93B-3F1E53E295EF}"
EndProject
Project("{9A19103F-16F7-4668-BE54-9A1E7A4F7556}") = "14_Do_WHile_Loop_2", "14_Do_WHile_Loop_2\14_Do_WHile_Loop_2.csproj", "{49E2804E-BAB7-4E66-ACAE-3B8F035CCFA4}"
EndProject
Project("{9A19103F-16F7-4668-BE54-9A1E7A4F7556}") = "15_For_Loop", "15_For_Loop\15_For_Loop.csproj", "{DE5F06FC-BFB1-4AB4-8CB5-FB234F760DEB}"
EndProject
Project("{9A19103F-16F7-4668-BE54-9A1E7A4F7556}") = "15_For_Each_Loop_2", "15_For_Each_Loop_2\15_For_Each_Loop_2.csproj", "{84E9C7A7-5F62-48E9-BAE0-4AD174A12E44}"
EndProject
Project("{9A19103F-16F7-4668-BE54-9A1E7A4F7556}") = "16_Method_OR_Function", "16_Method_OR_Function\16_Method_OR_Function.csproj", "{6901A61C-E85F-458C-927E-5C29A4E3EF9A}"
EndProject
Project("{9A19103F-16F7-4668-BE54-9A1E7A4F7556}") = "17_Method_Parameters", "17_Method_Parameters\17_Method_Parameters.csproj", "{84324207-3132-4F79-B18F-E1FD1DA4A7E1}"
EndProject
Project("{9A19103F-16F7-4668-BE54-9A1E7A4F7556}") = "19_Class", "19_Class\19_Class.csproj", "{CFC30891-0A99-4C1B-AE7B-AA815059AFF4}"
EndProject
Project("{9A19103F-16F7-4668-BE54-9A1E7A4F7556}") = "20_Static_Instance_Class_Member", "20_Static_Instance_Class_Member\20_Static_Instance_Class_Member.csproj", "{E2E017A2-7AC2-42E7-A0A8-F5E86DE69B7A}"
EndProject
Project("{9A19103F-16F7-4668-BE54-9A1E7A4F7556}") = "21_Inheritance", "21_Inheritance\21_Inheritance.csproj", "{96021D2A-FDA2-4613-AF6F-C40C63C09902}"
EndProject
Project("{9A19103F-16F7-4668-BE54-9A1E7A4F7556}") = "22_Method_Hiding", "22_Method_Hiding\22_Method_Hiding.csproj", "{9EC48413-0C3D-43BB-BFEC-7727487E4725}"
EndProject
Project("{9A19103F-16F7-4668-BE54-9A1E7A4F7556}") = "23_Polymorphism", "23_Polymorphism\23_Polymorphism.csproj", "{D26AC2E1-7635-468A-AB7F-D8822F62FC79}"
EndProject
Project("{9A19103F-16F7-4668-BE54-9A1E7A4F7556}") = "24_MethodOverriding_VS_MethodHiding", "24_MethodOverriding_VS_MethodHiding\24_MethodOverriding_VS_MethodHiding.csproj", "{6A78EF24-2183-48F3-86B8-A443FF938C83}"
EndProject
Project("{9A19103F-16F7-4668-BE54-9A1E7A4F7556}") = "25_Method_Overloading", "25_Method_Overloading\25_Method_Overloading.csproj", "{16426D68-CF7D-4FEC-8CF1-5B7F331D91E4}"
EndProject
Project("{9A19103F-16F7-4668-BE54-9A1E7A4F7556}") = "26_Properties", "26_Properties\26_Properties.csproj", "{75FB8271-C94E-4B91-90C9-9F7180E57C17}"
EndProject
Project("{9A19103F-16F7-4668-BE54-9A1E7A4F7556}") = "27_Properties_In_Csharp", "27_Properties_In_Csharp\27_Properties_In_Csharp.csproj", "{53EB8D2A-4D7F-49AA-8B0D-0676061F3C4A}"
EndProject
Project("{9A19103F-16F7-4668-BE54-9A1E7A4F7556}") = "28_Structs", "28_Structs\28_Structs.csproj", "{D6FB3501-B3A2-477B-948D-085D7F95FF22}"
EndProject
Project("{9A19103F-16F7-4668-BE54-9A1E7A4F7556}") = "29_Classes_VS_Struct", "29_Classes_VS_Struct\29_Classes_VS_Struct.csproj", "{03F2AE58-9EBA-4C9B-BAE3-8751238A5367}"
EndProject
Project("{9A19103F-16F7-4668-BE54-9A1E7A4F7556}") = "30_Interfaces", "30_Interfaces\30_Interfaces.csproj", "{B5EE8C10-5353-4999-8AF1-1DA5A26E3DE3}"
EndProject
Project("{9A19103F-16F7-4668-BE54-9A1E7A4F7556}") = "31_Explicit_Interface", "31_Explicit_Interface\31_Explicit_Interface.csproj", "{D7B66B63-2001-4CD0-9D1E-73F3823D50AE}"
EndProject
Project("{9A19103F-16F7-4668-BE54-9A1E7A4F7556}") = "32_Abstract_Classes", "32_Abstract_Classes\32_Abstract_Classes.csproj", "{C8BD76A3-B5CC-459D-9F51-B0908015F3BB}"
EndProject
Project("{9A19103F-16F7-4668-BE54-9A1E7A4F7556}") = "33_Abstract_Class_VS_Interface", "33_Abstract_Class_VS_Interface\33_Abstract_Class_VS_Interface.csproj", "{ACA52B3B-DB2A-47AA-AC7E-FA5F88988342}"
EndProject
Project("{9A19103F-16F7-4668-BE54-9A1E7A4F7556}") = "34_Multiple_Class_Inheritance", "34_Multiple_Class_Inheritance\34_Multiple_Class_Inheritance.csproj", "{3A5A4FF4-87AB-4011-BB00-4435317AB531}"
EndProject
Project("{9A19103F-16F7-4668-BE54-9A1E7A4F7556}") = "35_Multiple_Class_Inheritance_Using_Interface", "35_Multiple_Class_Inheritance_Using_Interface\35_Multiple_Class_Inheritance_Using_Interface.csproj", "{E6746D25-D59C-4B6A-B8AE-B081CD0B7C3E}"
EndProject
Project("{9A19103F-16F7-4668-BE54-9A1E7A4F7556}") = "36_Delegates", "36_Delegates\36_Delegates.csproj", "{328A34F7-B6BB-497E-828A-8FC33D049D3E}"
EndProject
Project("{9A19103F-16F7-4668-BE54-9A1E7A4F7556}") = "37_Delegates_Usage_In_CSharp", "37_Delegates_Usage_In_CSharp\37_Delegates_Usage_In_CSharp.csproj", "{8127C579-BC54-48A7-BE0F-04D70F455141}"
EndProject
Project("{9A19103F-16F7-4668-BE54-9A1E7A4F7556}") = "38_Delegates_Usage_In_CSharp_2", "38_Delegates_Usage_In_CSharp_2\38_Delegates_Usage_In_CSharp_2.csproj", "{489CA79A-F318-4CCD-8E25-122AA513B529}"
EndProject
Project("{9A19103F-16F7-4668-BE54-9A1E7A4F7556}") = "39_Multicast_Delegates", "39_Multicast_Delegates\39_Multicast_Delegates.csproj", "{BD2B78D1-9DF3-49E9-A109-F62F7A48360E}"
EndProject
Project("{9A19103F-16F7-4668-BE54-9A1E7A4F7556}") = "40_Exception_Handling", "40_Exception_Handling\40_Exception_Handling.csproj", "{862C7EFC-1580-4535-8C68-6DBF556A4EB7}"
EndProject
Project("{9A19103F-16F7-4668-BE54-9A1E7A4F7556}") = "41_Inner_Exception", "41_Inner_Exception\41_Inner_Exception.csproj", "{B13F4ED7-1906-4A42-96F3-7C3E278F6207}"
EndProject
Project("{9A19103F-16F7-4668-BE54-9A1E7A4F7556}") = "42_Custom_Exception", "42_Custom_Exception\42_Custom_Exception.csproj", "{A3DD1F1E-3E05-4EB2-8BFD-E215F39714E6}"
EndProject
Project("{9A19103F-16F7-4668-BE54-9A1E7A4F7556}") = "43_Exception_Handling_Abuse", "43_Exception_Handling_Abuse\43_Exception_Handling_Abuse.csproj", "{C7E20792-D914-4221-904C-143E5D899AFD}"
EndProject
Project("{9A19103F-16F7-4668-BE54-9A1E7A4F7556}") = "44_Preventing_Exception_Handling_Abuse", "44_Preventing_Exception_Handling_Abuse\44_Preventing_Exception_Handling_Abuse.csproj", "{2C739073-75D5-4956-8083-45B1629429F1}"
EndProject
Project("{9A19103F-16F7-4668-BE54-9A1E7A4F7556}") = "45_Why_Enums", "45_Why_Enums\45_Why_Enums.csproj", "{C0655D70-050B-4259-97ED-E75B6D102B91}"
EndProject
Project("{9A19103F-16F7-4668-BE54-9A1E7A4F7556}") = "46_Enum_Example", "46_Enum_Example\46_Enum_Example.csproj", "{CD087E2C-573B-4479-80A9-9B0CED1B1A85}"
EndProject
Project("{9A19103F-16F7-4668-BE54-9A1E7A4F7556}") = "47_Enums_In_CSharp", "47_Enums_In_CSharp\47_Enums_In_CSharp.csproj", "{136C12F4-5D69-4DF3-AA87-95751870B67C}"
EndProject
Project("{9A19103F-16F7-4668-BE54-9A1E7A4F7556}") = "48_Types_Vs_Types_Member", "48_Types_Vs_Types_Member\48_Types_Vs_Types_Member.csproj", "{B2E50D03-A24A-48B0-BD15-2CA24D61699B}"
EndProject
Project("{9A19103F-16F7-4668-BE54-9A1E7A4F7556}") = "49_Access_Modifier", "49_Access_Modifier\49_Access_Modifier.csproj", "{77796BFE-7654-42D2-8E05-0D643BFDA8F5}"
EndProject
Project("{9A19103F-16F7-4668-BE54-9A1E7A4F7556}") = "50_Protected_And_Protected_Internal", "50_Protected_And_Protected_Internal\50_Protected_And_Protected_Internal.csproj", "{2C07E746-3C8E-4389-8FF9-C61891AEB019}"
EndProject
Project("{9A19103F-16F7-4668-BE54-9A1E7A4F7556}") = "51_Access_Modifiers_For_types", "51_Access_Modifiers_For_types\51_Access_Modifiers_For_types.csproj", "{BC308F33-27C0-4FA2-9940-EFA34F63D223}"
EndProject
Project("{9A19103F-16F7-4668-BE54-9A1E7A4F7556}") = "52_Attribute", "52_Attribute\52_Attribute.csproj", "{731E2CC3-9EC9-453F-9C0E-69BD7A5BACCC}"
EndProject
Project("{9A19103F-16F7-4668-BE54-9A1E7A4F7556}") = "53_Reflection", "53_Reflection\53_Reflection.csproj", "{70FE5458-1A63-4442-B626-5FA6DE80C3AF}"
EndProject
Project("{9A19103F-16F7-4668-BE54-9A1E7A4F7556}") = "54_Reflection_Example", "54_Reflection_Example\54_Reflection_Example.csproj", "{5099BB33-0B9C-439E-9FF0-F5CCDB816A43}"
EndProject
Project("{9A19103F-16F7-4668-BE54-9A1E7A4F7556}") = "55_Late_Binding_using_Reflection", "55_Late_Binding_using_Reflection\55_Late_Binding_using_Reflection.csproj", "{44853BAA-ECC1-442C-B49E-829230FB365E}"
EndProject
Project("{9A19103F-16F7-4668-BE54-9A1E7A4F7556}") = "56_Generic_In_CSharp", "56_Generic_In_CSharp\56_Generic_In_CSharp.csproj", "{03D4B8DF-8409-4AB6-A4A4-7CCF7FD022C8}"
EndProject
Project("{9A19103F-16F7-4668-BE54-9A1E7A4F7556}") = "57_Wht_Override_ToString", "57_Wht_Override_ToString\57_Wht_Override_ToString.csproj", "{62EBB111-AAC9-434E-B3A0-29D59D337BBE}"
EndProject
Project("{9A19103F-16F7-4668-BE54-9A1E7A4F7556}") = "58_Why_Override_Equals_Method", "58_Why_Override_Equals_Method\58_Why_Override_Equals_Method.csproj", "{023FADC1-C5B2-4C81-AE7F-A9317CCEC13B}"
EndProject
Project("{9A19103F-16F7-4668-BE54-9A1E7A4F7556}") = "59_Convert_Tostring_Vs_ToString", "59_Convert_Tostring_Vs_ToString\59_Convert_Tostring_Vs_ToString.csproj", "{61AEBE79-CCC3-4258-806F-DE4765AE7D15}"
EndProject
Project("{9A19103F-16F7-4668-BE54-9A1E7A4F7556}") = "60_String_VS_StringBuilder", "60_String_VS_StringBuilder\60_String_VS_StringBuilder.csproj", "{2B476D8E-E79B-4377-A542-C7F25134627F}"
EndProject
Project("{9A19103F-16F7-4668-BE54-9A1E7A4F7556}") = "61_Partial_Class", "61_Partial_Class\61_Partial_Class.csproj", "{A872F43B-136B-4C3A-905B-EA241D13564F}"
EndProject
Project("{9A19103F-16F7-4668-BE54-9A1E7A4F7556}") = "62_Partial_Class_In_CSharp", "62_Partial_Class_In_CSharp\62_Partial_Class_In_CSharp.csproj", "{D0C77241-BED2-480F-9EB6-867A41736C9C}"
EndProject
Project("{9A19103F-16F7-4668-BE54-9A1E7A4F7556}") = "63_Partial_Methods", "63_Partial_Methods\63_Partial_Methods.csproj", "{B74D497F-F639-4F3E-BE0A-92112E482B13}"
EndProject
Project("{9A19103F-16F7-4668-BE54-9A1E7A4F7556}") = "64_Indexers_Where_And_How_Uses", "64_Indexers_Where_And_How_Uses\64_Indexers_Where_And_How_Uses.csproj", "{574409FF-D9E7-4215-AEFF-50F7716D22E0}"
EndProject
Project("{9A19103F-16F7-4668-BE54-9A1E7A4F7556}") = "65_Indexers_In_CSharp", "65_Indexers_In_CSharp\65_Indexers_In_CSharp.csproj", "{B5A32136-DA38-44CF-AF21-4DB91B05CEAD}"
EndProject
Project("{9A19103F-16F7-4668-BE54-9A1E7A4F7556}") = "66_Overloading_Indexers_In_CSharp", "66_Overloading_Indexers_In_CSharp\66_Overloading_Indexers_In_CSharp.csproj", "{8664A54C-5840-468A-8DC6-68620BE6DEE0}"
EndProject
Project("{9A19103F-16F7-4668-BE54-9A1E7A4F7556}") = "51_AssemblyOne", "51_AssemblyOne\51_AssemblyOne.csproj", "{4E5DB03C-5CF7-4DE7-BBAB-F186247A0949}"
EndProject
Project("{9A19103F-16F7-4668-BE54-9A1E7A4F7556}") = "51_AssemblyTwo", "51_AssemblyTwo\51_AssemblyTwo.csproj", "{B162CA77-E6FF-4997-863F-B186BFCB7A3C}"
EndProject
Project("{9A19103F-16F7-4668-BE54-9A1E7A4F7556}") = "67_Optional_Parameters_In_CSharp", "67_Optional_Parameters_In_CSharp\67_Optional_Parameters_In_CSharp.csproj", "{F234C57F-71EB-4883-9C7E-183FA419012C}"
EndProject
Project("{9A19103F-16F7-4668-BE54-9A1E7A4F7556}") = "68_Parameter_Optional_Using_Method_Overloading", "68_Parameter_Optional_Using_Method_Overloading\68_Parameter_Optional_Using_Method_Overloading.csproj", "{6AEAD1C3-7D92-43EF-9F8C-12B9EBDE67B8}"
EndProject
Project("{9A19103F-16F7-4668-BE54-9A1E7A4F7556}") = "69_Parameters_Optional_By_Specifying_Parameter_Defaults", "69_Parameters_Optional_By_Specifying_Parameter_Defaults\69_Parameters_Optional_By_Specifying_Parameter_Defaults.csproj", "{1B46AE88-350F-400F-B063-F2C7004BDF0F}"
EndProject
Project("{9A19103F-16F7-4668-BE54-9A1E7A4F7556}") = "70_Making_Method_Parameters_Optional_By_Using_OptionalAttribute", "70_Making_Method_Parameters_Optional_By_Using_OptionalAttribute\70_Making_Method_Parameters_Optional_By_Using_OptionalAttribute.csproj", "{DEB3B8C0-1CF1-4638-A289-F5CEC21C744C}"
EndProject
Project("{FAE04EC0-301F-11D3-BF4B-00C04F79EFBC}") = "71_Code_Snippets", "71_Code_Snippets\71_Code_Snippets.csproj", "{1A8C9BD5-9AF0-434B-985B-44A55E615AF7}"
EndProject
Project("{FAE04EC0-301F-11D3-BF4B-00C04F79EFBC}") = "72_Dictionary", "72_Dictionary\72_Dictionary.csproj", "{0A2F2643-C6EB-43FF-86B2-5A62F3363421}"
EndProject
Global
	GlobalSection(SolutionConfigurationPlatforms) = preSolution
		Debug|Any CPU = Debug|Any CPU
		Release|Any CPU = Release|Any CPU
	EndGlobalSection
	GlobalSection(ProjectConfigurationPlatforms) = postSolution
		{2E9DB471-655B-4D8D-B344-00D10B8195B0}.Debug|Any CPU.ActiveCfg = Debug|Any CPU
		{2E9DB471-655B-4D8D-B344-00D10B8195B0}.Debug|Any CPU.Build.0 = Debug|Any CPU
		{2E9DB471-655B-4D8D-B344-00D10B8195B0}.Release|Any CPU.ActiveCfg = Release|Any CPU
		{2E9DB471-655B-4D8D-B344-00D10B8195B0}.Release|Any CPU.Build.0 = Release|Any CPU
		{9150EE8B-EDF7-4FCB-A3CE-080DEDC50DEF}.Debug|Any CPU.ActiveCfg = Debug|Any CPU
		{9150EE8B-EDF7-4FCB-A3CE-080DEDC50DEF}.Debug|Any CPU.Build.0 = Debug|Any CPU
		{9150EE8B-EDF7-4FCB-A3CE-080DEDC50DEF}.Release|Any CPU.ActiveCfg = Release|Any CPU
		{9150EE8B-EDF7-4FCB-A3CE-080DEDC50DEF}.Release|Any CPU.Build.0 = Release|Any CPU
		{7CE2B5C4-2EF9-4FDB-AD38-4CF8AD8530E6}.Debug|Any CPU.ActiveCfg = Debug|Any CPU
		{7CE2B5C4-2EF9-4FDB-AD38-4CF8AD8530E6}.Debug|Any CPU.Build.0 = Debug|Any CPU
		{7CE2B5C4-2EF9-4FDB-AD38-4CF8AD8530E6}.Release|Any CPU.ActiveCfg = Release|Any CPU
		{7CE2B5C4-2EF9-4FDB-AD38-4CF8AD8530E6}.Release|Any CPU.Build.0 = Release|Any CPU
		{15D82AD3-22A4-4303-A270-B4272ABEAF7F}.Debug|Any CPU.ActiveCfg = Debug|Any CPU
		{15D82AD3-22A4-4303-A270-B4272ABEAF7F}.Debug|Any CPU.Build.0 = Debug|Any CPU
		{15D82AD3-22A4-4303-A270-B4272ABEAF7F}.Release|Any CPU.ActiveCfg = Release|Any CPU
		{15D82AD3-22A4-4303-A270-B4272ABEAF7F}.Release|Any CPU.Build.0 = Release|Any CPU
		{45F82261-E792-4431-8FF3-09B2C06EAEBB}.Debug|Any CPU.ActiveCfg = Debug|Any CPU
		{45F82261-E792-4431-8FF3-09B2C06EAEBB}.Debug|Any CPU.Build.0 = Debug|Any CPU
		{45F82261-E792-4431-8FF3-09B2C06EAEBB}.Release|Any CPU.ActiveCfg = Release|Any CPU
		{45F82261-E792-4431-8FF3-09B2C06EAEBB}.Release|Any CPU.Build.0 = Release|Any CPU
		{8023D63F-7B61-4938-9E0A-8ABB13C236B2}.Debug|Any CPU.ActiveCfg = Debug|Any CPU
		{8023D63F-7B61-4938-9E0A-8ABB13C236B2}.Debug|Any CPU.Build.0 = Debug|Any CPU
		{8023D63F-7B61-4938-9E0A-8ABB13C236B2}.Release|Any CPU.ActiveCfg = Release|Any CPU
		{8023D63F-7B61-4938-9E0A-8ABB13C236B2}.Release|Any CPU.Build.0 = Release|Any CPU
		{0285013C-4D1B-4AD5-A529-ED700F0AD1C1}.Debug|Any CPU.ActiveCfg = Debug|Any CPU
		{0285013C-4D1B-4AD5-A529-ED700F0AD1C1}.Debug|Any CPU.Build.0 = Debug|Any CPU
		{0285013C-4D1B-4AD5-A529-ED700F0AD1C1}.Release|Any CPU.ActiveCfg = Release|Any CPU
		{0285013C-4D1B-4AD5-A529-ED700F0AD1C1}.Release|Any CPU.Build.0 = Release|Any CPU
		{FF9F7AC6-DEA9-4130-BD8B-7D45E345117F}.Debug|Any CPU.ActiveCfg = Debug|Any CPU
		{FF9F7AC6-DEA9-4130-BD8B-7D45E345117F}.Debug|Any CPU.Build.0 = Debug|Any CPU
		{FF9F7AC6-DEA9-4130-BD8B-7D45E345117F}.Release|Any CPU.ActiveCfg = Release|Any CPU
		{FF9F7AC6-DEA9-4130-BD8B-7D45E345117F}.Release|Any CPU.Build.0 = Release|Any CPU
		{8AF54954-035F-4D66-963D-85115C40DDFF}.Debug|Any CPU.ActiveCfg = Debug|Any CPU
		{8AF54954-035F-4D66-963D-85115C40DDFF}.Debug|Any CPU.Build.0 = Debug|Any CPU
		{8AF54954-035F-4D66-963D-85115C40DDFF}.Release|Any CPU.ActiveCfg = Release|Any CPU
		{8AF54954-035F-4D66-963D-85115C40DDFF}.Release|Any CPU.Build.0 = Release|Any CPU
		{2B3676B3-7900-48D7-9D47-78AE9B0BB460}.Debug|Any CPU.ActiveCfg = Debug|Any CPU
		{2B3676B3-7900-48D7-9D47-78AE9B0BB460}.Debug|Any CPU.Build.0 = Debug|Any CPU
		{2B3676B3-7900-48D7-9D47-78AE9B0BB460}.Release|Any CPU.ActiveCfg = Release|Any CPU
		{2B3676B3-7900-48D7-9D47-78AE9B0BB460}.Release|Any CPU.Build.0 = Release|Any CPU
		{E7F9F7B5-3ECE-44FF-80CC-63A8F9F42AA8}.Debug|Any CPU.ActiveCfg = Debug|Any CPU
		{E7F9F7B5-3ECE-44FF-80CC-63A8F9F42AA8}.Debug|Any CPU.Build.0 = Debug|Any CPU
		{E7F9F7B5-3ECE-44FF-80CC-63A8F9F42AA8}.Release|Any CPU.ActiveCfg = Release|Any CPU
		{E7F9F7B5-3ECE-44FF-80CC-63A8F9F42AA8}.Release|Any CPU.Build.0 = Release|Any CPU
		{4977807F-8555-4298-810C-291770834727}.Debug|Any CPU.ActiveCfg = Debug|Any CPU
		{4977807F-8555-4298-810C-291770834727}.Debug|Any CPU.Build.0 = Debug|Any CPU
		{4977807F-8555-4298-810C-291770834727}.Release|Any CPU.ActiveCfg = Release|Any CPU
		{4977807F-8555-4298-810C-291770834727}.Release|Any CPU.Build.0 = Release|Any CPU
		{C792676C-496C-4375-B93B-3F1E53E295EF}.Debug|Any CPU.ActiveCfg = Debug|Any CPU
		{C792676C-496C-4375-B93B-3F1E53E295EF}.Debug|Any CPU.Build.0 = Debug|Any CPU
		{C792676C-496C-4375-B93B-3F1E53E295EF}.Release|Any CPU.ActiveCfg = Release|Any CPU
		{C792676C-496C-4375-B93B-3F1E53E295EF}.Release|Any CPU.Build.0 = Release|Any CPU
		{49E2804E-BAB7-4E66-ACAE-3B8F035CCFA4}.Debug|Any CPU.ActiveCfg = Debug|Any CPU
		{49E2804E-BAB7-4E66-ACAE-3B8F035CCFA4}.Debug|Any CPU.Build.0 = Debug|Any CPU
		{49E2804E-BAB7-4E66-ACAE-3B8F035CCFA4}.Release|Any CPU.ActiveCfg = Release|Any CPU
		{49E2804E-BAB7-4E66-ACAE-3B8F035CCFA4}.Release|Any CPU.Build.0 = Release|Any CPU
		{DE5F06FC-BFB1-4AB4-8CB5-FB234F760DEB}.Debug|Any CPU.ActiveCfg = Debug|Any CPU
		{DE5F06FC-BFB1-4AB4-8CB5-FB234F760DEB}.Debug|Any CPU.Build.0 = Debug|Any CPU
		{DE5F06FC-BFB1-4AB4-8CB5-FB234F760DEB}.Release|Any CPU.ActiveCfg = Release|Any CPU
		{DE5F06FC-BFB1-4AB4-8CB5-FB234F760DEB}.Release|Any CPU.Build.0 = Release|Any CPU
		{84E9C7A7-5F62-48E9-BAE0-4AD174A12E44}.Debug|Any CPU.ActiveCfg = Debug|Any CPU
		{84E9C7A7-5F62-48E9-BAE0-4AD174A12E44}.Debug|Any CPU.Build.0 = Debug|Any CPU
		{84E9C7A7-5F62-48E9-BAE0-4AD174A12E44}.Release|Any CPU.ActiveCfg = Release|Any CPU
		{84E9C7A7-5F62-48E9-BAE0-4AD174A12E44}.Release|Any CPU.Build.0 = Release|Any CPU
		{6901A61C-E85F-458C-927E-5C29A4E3EF9A}.Debug|Any CPU.ActiveCfg = Debug|Any CPU
		{6901A61C-E85F-458C-927E-5C29A4E3EF9A}.Debug|Any CPU.Build.0 = Debug|Any CPU
		{6901A61C-E85F-458C-927E-5C29A4E3EF9A}.Release|Any CPU.ActiveCfg = Release|Any CPU
		{6901A61C-E85F-458C-927E-5C29A4E3EF9A}.Release|Any CPU.Build.0 = Release|Any CPU
		{84324207-3132-4F79-B18F-E1FD1DA4A7E1}.Debug|Any CPU.ActiveCfg = Debug|Any CPU
		{84324207-3132-4F79-B18F-E1FD1DA4A7E1}.Debug|Any CPU.Build.0 = Debug|Any CPU
		{84324207-3132-4F79-B18F-E1FD1DA4A7E1}.Release|Any CPU.ActiveCfg = Release|Any CPU
		{84324207-3132-4F79-B18F-E1FD1DA4A7E1}.Release|Any CPU.Build.0 = Release|Any CPU
		{CFC30891-0A99-4C1B-AE7B-AA815059AFF4}.Debug|Any CPU.ActiveCfg = Debug|Any CPU
		{CFC30891-0A99-4C1B-AE7B-AA815059AFF4}.Debug|Any CPU.Build.0 = Debug|Any CPU
		{CFC30891-0A99-4C1B-AE7B-AA815059AFF4}.Release|Any CPU.ActiveCfg = Release|Any CPU
		{CFC30891-0A99-4C1B-AE7B-AA815059AFF4}.Release|Any CPU.Build.0 = Release|Any CPU
		{E2E017A2-7AC2-42E7-A0A8-F5E86DE69B7A}.Debug|Any CPU.ActiveCfg = Debug|Any CPU
		{E2E017A2-7AC2-42E7-A0A8-F5E86DE69B7A}.Debug|Any CPU.Build.0 = Debug|Any CPU
		{E2E017A2-7AC2-42E7-A0A8-F5E86DE69B7A}.Release|Any CPU.ActiveCfg = Release|Any CPU
		{E2E017A2-7AC2-42E7-A0A8-F5E86DE69B7A}.Release|Any CPU.Build.0 = Release|Any CPU
		{96021D2A-FDA2-4613-AF6F-C40C63C09902}.Debug|Any CPU.ActiveCfg = Debug|Any CPU
		{96021D2A-FDA2-4613-AF6F-C40C63C09902}.Debug|Any CPU.Build.0 = Debug|Any CPU
		{96021D2A-FDA2-4613-AF6F-C40C63C09902}.Release|Any CPU.ActiveCfg = Release|Any CPU
		{96021D2A-FDA2-4613-AF6F-C40C63C09902}.Release|Any CPU.Build.0 = Release|Any CPU
		{9EC48413-0C3D-43BB-BFEC-7727487E4725}.Debug|Any CPU.ActiveCfg = Debug|Any CPU
		{9EC48413-0C3D-43BB-BFEC-7727487E4725}.Debug|Any CPU.Build.0 = Debug|Any CPU
		{9EC48413-0C3D-43BB-BFEC-7727487E4725}.Release|Any CPU.ActiveCfg = Release|Any CPU
		{9EC48413-0C3D-43BB-BFEC-7727487E4725}.Release|Any CPU.Build.0 = Release|Any CPU
		{D26AC2E1-7635-468A-AB7F-D8822F62FC79}.Debug|Any CPU.ActiveCfg = Debug|Any CPU
		{D26AC2E1-7635-468A-AB7F-D8822F62FC79}.Debug|Any CPU.Build.0 = Debug|Any CPU
		{D26AC2E1-7635-468A-AB7F-D8822F62FC79}.Release|Any CPU.ActiveCfg = Release|Any CPU
		{D26AC2E1-7635-468A-AB7F-D8822F62FC79}.Release|Any CPU.Build.0 = Release|Any CPU
		{6A78EF24-2183-48F3-86B8-A443FF938C83}.Debug|Any CPU.ActiveCfg = Debug|Any CPU
		{6A78EF24-2183-48F3-86B8-A443FF938C83}.Debug|Any CPU.Build.0 = Debug|Any CPU
		{6A78EF24-2183-48F3-86B8-A443FF938C83}.Release|Any CPU.ActiveCfg = Release|Any CPU
		{6A78EF24-2183-48F3-86B8-A443FF938C83}.Release|Any CPU.Build.0 = Release|Any CPU
		{16426D68-CF7D-4FEC-8CF1-5B7F331D91E4}.Debug|Any CPU.ActiveCfg = Debug|Any CPU
		{16426D68-CF7D-4FEC-8CF1-5B7F331D91E4}.Debug|Any CPU.Build.0 = Debug|Any CPU
		{16426D68-CF7D-4FEC-8CF1-5B7F331D91E4}.Release|Any CPU.ActiveCfg = Release|Any CPU
		{16426D68-CF7D-4FEC-8CF1-5B7F331D91E4}.Release|Any CPU.Build.0 = Release|Any CPU
		{75FB8271-C94E-4B91-90C9-9F7180E57C17}.Debug|Any CPU.ActiveCfg = Debug|Any CPU
		{75FB8271-C94E-4B91-90C9-9F7180E57C17}.Debug|Any CPU.Build.0 = Debug|Any CPU
		{75FB8271-C94E-4B91-90C9-9F7180E57C17}.Release|Any CPU.ActiveCfg = Release|Any CPU
		{75FB8271-C94E-4B91-90C9-9F7180E57C17}.Release|Any CPU.Build.0 = Release|Any CPU
		{53EB8D2A-4D7F-49AA-8B0D-0676061F3C4A}.Debug|Any CPU.ActiveCfg = Debug|Any CPU
		{53EB8D2A-4D7F-49AA-8B0D-0676061F3C4A}.Debug|Any CPU.Build.0 = Debug|Any CPU
		{53EB8D2A-4D7F-49AA-8B0D-0676061F3C4A}.Release|Any CPU.ActiveCfg = Release|Any CPU
		{53EB8D2A-4D7F-49AA-8B0D-0676061F3C4A}.Release|Any CPU.Build.0 = Release|Any CPU
		{D6FB3501-B3A2-477B-948D-085D7F95FF22}.Debug|Any CPU.ActiveCfg = Debug|Any CPU
		{D6FB3501-B3A2-477B-948D-085D7F95FF22}.Debug|Any CPU.Build.0 = Debug|Any CPU
		{D6FB3501-B3A2-477B-948D-085D7F95FF22}.Release|Any CPU.ActiveCfg = Release|Any CPU
		{D6FB3501-B3A2-477B-948D-085D7F95FF22}.Release|Any CPU.Build.0 = Release|Any CPU
		{03F2AE58-9EBA-4C9B-BAE3-8751238A5367}.Debug|Any CPU.ActiveCfg = Debug|Any CPU
		{03F2AE58-9EBA-4C9B-BAE3-8751238A5367}.Debug|Any CPU.Build.0 = Debug|Any CPU
		{03F2AE58-9EBA-4C9B-BAE3-8751238A5367}.Release|Any CPU.ActiveCfg = Release|Any CPU
		{03F2AE58-9EBA-4C9B-BAE3-8751238A5367}.Release|Any CPU.Build.0 = Release|Any CPU
		{B5EE8C10-5353-4999-8AF1-1DA5A26E3DE3}.Debug|Any CPU.ActiveCfg = Debug|Any CPU
		{B5EE8C10-5353-4999-8AF1-1DA5A26E3DE3}.Debug|Any CPU.Build.0 = Debug|Any CPU
		{B5EE8C10-5353-4999-8AF1-1DA5A26E3DE3}.Release|Any CPU.ActiveCfg = Release|Any CPU
		{B5EE8C10-5353-4999-8AF1-1DA5A26E3DE3}.Release|Any CPU.Build.0 = Release|Any CPU
		{D7B66B63-2001-4CD0-9D1E-73F3823D50AE}.Debug|Any CPU.ActiveCfg = Debug|Any CPU
		{D7B66B63-2001-4CD0-9D1E-73F3823D50AE}.Debug|Any CPU.Build.0 = Debug|Any CPU
		{D7B66B63-2001-4CD0-9D1E-73F3823D50AE}.Release|Any CPU.ActiveCfg = Release|Any CPU
		{D7B66B63-2001-4CD0-9D1E-73F3823D50AE}.Release|Any CPU.Build.0 = Release|Any CPU
		{C8BD76A3-B5CC-459D-9F51-B0908015F3BB}.Debug|Any CPU.ActiveCfg = Debug|Any CPU
		{C8BD76A3-B5CC-459D-9F51-B0908015F3BB}.Debug|Any CPU.Build.0 = Debug|Any CPU
		{C8BD76A3-B5CC-459D-9F51-B0908015F3BB}.Release|Any CPU.ActiveCfg = Release|Any CPU
		{C8BD76A3-B5CC-459D-9F51-B0908015F3BB}.Release|Any CPU.Build.0 = Release|Any CPU
		{ACA52B3B-DB2A-47AA-AC7E-FA5F88988342}.Debug|Any CPU.ActiveCfg = Debug|Any CPU
		{ACA52B3B-DB2A-47AA-AC7E-FA5F88988342}.Debug|Any CPU.Build.0 = Debug|Any CPU
		{ACA52B3B-DB2A-47AA-AC7E-FA5F88988342}.Release|Any CPU.ActiveCfg = Release|Any CPU
		{ACA52B3B-DB2A-47AA-AC7E-FA5F88988342}.Release|Any CPU.Build.0 = Release|Any CPU
		{3A5A4FF4-87AB-4011-BB00-4435317AB531}.Debug|Any CPU.ActiveCfg = Debug|Any CPU
		{3A5A4FF4-87AB-4011-BB00-4435317AB531}.Debug|Any CPU.Build.0 = Debug|Any CPU
		{3A5A4FF4-87AB-4011-BB00-4435317AB531}.Release|Any CPU.ActiveCfg = Release|Any CPU
		{3A5A4FF4-87AB-4011-BB00-4435317AB531}.Release|Any CPU.Build.0 = Release|Any CPU
		{E6746D25-D59C-4B6A-B8AE-B081CD0B7C3E}.Debug|Any CPU.ActiveCfg = Debug|Any CPU
		{E6746D25-D59C-4B6A-B8AE-B081CD0B7C3E}.Debug|Any CPU.Build.0 = Debug|Any CPU
		{E6746D25-D59C-4B6A-B8AE-B081CD0B7C3E}.Release|Any CPU.ActiveCfg = Release|Any CPU
		{E6746D25-D59C-4B6A-B8AE-B081CD0B7C3E}.Release|Any CPU.Build.0 = Release|Any CPU
		{328A34F7-B6BB-497E-828A-8FC33D049D3E}.Debug|Any CPU.ActiveCfg = Debug|Any CPU
		{328A34F7-B6BB-497E-828A-8FC33D049D3E}.Debug|Any CPU.Build.0 = Debug|Any CPU
		{328A34F7-B6BB-497E-828A-8FC33D049D3E}.Release|Any CPU.ActiveCfg = Release|Any CPU
		{328A34F7-B6BB-497E-828A-8FC33D049D3E}.Release|Any CPU.Build.0 = Release|Any CPU
		{8127C579-BC54-48A7-BE0F-04D70F455141}.Debug|Any CPU.ActiveCfg = Debug|Any CPU
		{8127C579-BC54-48A7-BE0F-04D70F455141}.Debug|Any CPU.Build.0 = Debug|Any CPU
		{8127C579-BC54-48A7-BE0F-04D70F455141}.Release|Any CPU.ActiveCfg = Release|Any CPU
		{8127C579-BC54-48A7-BE0F-04D70F455141}.Release|Any CPU.Build.0 = Release|Any CPU
		{489CA79A-F318-4CCD-8E25-122AA513B529}.Debug|Any CPU.ActiveCfg = Debug|Any CPU
		{489CA79A-F318-4CCD-8E25-122AA513B529}.Debug|Any CPU.Build.0 = Debug|Any CPU
		{489CA79A-F318-4CCD-8E25-122AA513B529}.Release|Any CPU.ActiveCfg = Release|Any CPU
		{489CA79A-F318-4CCD-8E25-122AA513B529}.Release|Any CPU.Build.0 = Release|Any CPU
		{BD2B78D1-9DF3-49E9-A109-F62F7A48360E}.Debug|Any CPU.ActiveCfg = Debug|Any CPU
		{BD2B78D1-9DF3-49E9-A109-F62F7A48360E}.Debug|Any CPU.Build.0 = Debug|Any CPU
		{BD2B78D1-9DF3-49E9-A109-F62F7A48360E}.Release|Any CPU.ActiveCfg = Release|Any CPU
		{BD2B78D1-9DF3-49E9-A109-F62F7A48360E}.Release|Any CPU.Build.0 = Release|Any CPU
		{862C7EFC-1580-4535-8C68-6DBF556A4EB7}.Debug|Any CPU.ActiveCfg = Debug|Any CPU
		{862C7EFC-1580-4535-8C68-6DBF556A4EB7}.Debug|Any CPU.Build.0 = Debug|Any CPU
		{862C7EFC-1580-4535-8C68-6DBF556A4EB7}.Release|Any CPU.ActiveCfg = Release|Any CPU
		{862C7EFC-1580-4535-8C68-6DBF556A4EB7}.Release|Any CPU.Build.0 = Release|Any CPU
		{B13F4ED7-1906-4A42-96F3-7C3E278F6207}.Debug|Any CPU.ActiveCfg = Debug|Any CPU
		{B13F4ED7-1906-4A42-96F3-7C3E278F6207}.Debug|Any CPU.Build.0 = Debug|Any CPU
		{B13F4ED7-1906-4A42-96F3-7C3E278F6207}.Release|Any CPU.ActiveCfg = Release|Any CPU
		{B13F4ED7-1906-4A42-96F3-7C3E278F6207}.Release|Any CPU.Build.0 = Release|Any CPU
		{A3DD1F1E-3E05-4EB2-8BFD-E215F39714E6}.Debug|Any CPU.ActiveCfg = Debug|Any CPU
		{A3DD1F1E-3E05-4EB2-8BFD-E215F39714E6}.Debug|Any CPU.Build.0 = Debug|Any CPU
		{A3DD1F1E-3E05-4EB2-8BFD-E215F39714E6}.Release|Any CPU.ActiveCfg = Release|Any CPU
		{A3DD1F1E-3E05-4EB2-8BFD-E215F39714E6}.Release|Any CPU.Build.0 = Release|Any CPU
		{C7E20792-D914-4221-904C-143E5D899AFD}.Debug|Any CPU.ActiveCfg = Debug|Any CPU
		{C7E20792-D914-4221-904C-143E5D899AFD}.Debug|Any CPU.Build.0 = Debug|Any CPU
		{C7E20792-D914-4221-904C-143E5D899AFD}.Release|Any CPU.ActiveCfg = Release|Any CPU
		{C7E20792-D914-4221-904C-143E5D899AFD}.Release|Any CPU.Build.0 = Release|Any CPU
		{2C739073-75D5-4956-8083-45B1629429F1}.Debug|Any CPU.ActiveCfg = Debug|Any CPU
		{2C739073-75D5-4956-8083-45B1629429F1}.Debug|Any CPU.Build.0 = Debug|Any CPU
		{2C739073-75D5-4956-8083-45B1629429F1}.Release|Any CPU.ActiveCfg = Release|Any CPU
		{2C739073-75D5-4956-8083-45B1629429F1}.Release|Any CPU.Build.0 = Release|Any CPU
		{C0655D70-050B-4259-97ED-E75B6D102B91}.Debug|Any CPU.ActiveCfg = Debug|Any CPU
		{C0655D70-050B-4259-97ED-E75B6D102B91}.Debug|Any CPU.Build.0 = Debug|Any CPU
		{C0655D70-050B-4259-97ED-E75B6D102B91}.Release|Any CPU.ActiveCfg = Release|Any CPU
		{C0655D70-050B-4259-97ED-E75B6D102B91}.Release|Any CPU.Build.0 = Release|Any CPU
		{CD087E2C-573B-4479-80A9-9B0CED1B1A85}.Debug|Any CPU.ActiveCfg = Debug|Any CPU
		{CD087E2C-573B-4479-80A9-9B0CED1B1A85}.Debug|Any CPU.Build.0 = Debug|Any CPU
		{CD087E2C-573B-4479-80A9-9B0CED1B1A85}.Release|Any CPU.ActiveCfg = Release|Any CPU
		{CD087E2C-573B-4479-80A9-9B0CED1B1A85}.Release|Any CPU.Build.0 = Release|Any CPU
		{136C12F4-5D69-4DF3-AA87-95751870B67C}.Debug|Any CPU.ActiveCfg = Debug|Any CPU
		{136C12F4-5D69-4DF3-AA87-95751870B67C}.Debug|Any CPU.Build.0 = Debug|Any CPU
		{136C12F4-5D69-4DF3-AA87-95751870B67C}.Release|Any CPU.ActiveCfg = Release|Any CPU
		{136C12F4-5D69-4DF3-AA87-95751870B67C}.Release|Any CPU.Build.0 = Release|Any CPU
		{B2E50D03-A24A-48B0-BD15-2CA24D61699B}.Debug|Any CPU.ActiveCfg = Debug|Any CPU
		{B2E50D03-A24A-48B0-BD15-2CA24D61699B}.Debug|Any CPU.Build.0 = Debug|Any CPU
		{B2E50D03-A24A-48B0-BD15-2CA24D61699B}.Release|Any CPU.ActiveCfg = Release|Any CPU
		{B2E50D03-A24A-48B0-BD15-2CA24D61699B}.Release|Any CPU.Build.0 = Release|Any CPU
		{77796BFE-7654-42D2-8E05-0D643BFDA8F5}.Debug|Any CPU.ActiveCfg = Debug|Any CPU
		{77796BFE-7654-42D2-8E05-0D643BFDA8F5}.Debug|Any CPU.Build.0 = Debug|Any CPU
		{77796BFE-7654-42D2-8E05-0D643BFDA8F5}.Release|Any CPU.ActiveCfg = Release|Any CPU
		{77796BFE-7654-42D2-8E05-0D643BFDA8F5}.Release|Any CPU.Build.0 = Release|Any CPU
		{2C07E746-3C8E-4389-8FF9-C61891AEB019}.Debug|Any CPU.ActiveCfg = Debug|Any CPU
		{2C07E746-3C8E-4389-8FF9-C61891AEB019}.Debug|Any CPU.Build.0 = Debug|Any CPU
		{2C07E746-3C8E-4389-8FF9-C61891AEB019}.Release|Any CPU.ActiveCfg = Release|Any CPU
		{2C07E746-3C8E-4389-8FF9-C61891AEB019}.Release|Any CPU.Build.0 = Release|Any CPU
		{BC308F33-27C0-4FA2-9940-EFA34F63D223}.Debug|Any CPU.ActiveCfg = Debug|Any CPU
		{BC308F33-27C0-4FA2-9940-EFA34F63D223}.Debug|Any CPU.Build.0 = Debug|Any CPU
		{BC308F33-27C0-4FA2-9940-EFA34F63D223}.Release|Any CPU.ActiveCfg = Release|Any CPU
		{BC308F33-27C0-4FA2-9940-EFA34F63D223}.Release|Any CPU.Build.0 = Release|Any CPU
		{731E2CC3-9EC9-453F-9C0E-69BD7A5BACCC}.Debug|Any CPU.ActiveCfg = Debug|Any CPU
		{731E2CC3-9EC9-453F-9C0E-69BD7A5BACCC}.Debug|Any CPU.Build.0 = Debug|Any CPU
		{731E2CC3-9EC9-453F-9C0E-69BD7A5BACCC}.Release|Any CPU.ActiveCfg = Release|Any CPU
		{731E2CC3-9EC9-453F-9C0E-69BD7A5BACCC}.Release|Any CPU.Build.0 = Release|Any CPU
		{70FE5458-1A63-4442-B626-5FA6DE80C3AF}.Debug|Any CPU.ActiveCfg = Debug|Any CPU
		{70FE5458-1A63-4442-B626-5FA6DE80C3AF}.Debug|Any CPU.Build.0 = Debug|Any CPU
		{70FE5458-1A63-4442-B626-5FA6DE80C3AF}.Release|Any CPU.ActiveCfg = Release|Any CPU
		{70FE5458-1A63-4442-B626-5FA6DE80C3AF}.Release|Any CPU.Build.0 = Release|Any CPU
		{5099BB33-0B9C-439E-9FF0-F5CCDB816A43}.Debug|Any CPU.ActiveCfg = Debug|Any CPU
		{5099BB33-0B9C-439E-9FF0-F5CCDB816A43}.Debug|Any CPU.Build.0 = Debug|Any CPU
		{5099BB33-0B9C-439E-9FF0-F5CCDB816A43}.Release|Any CPU.ActiveCfg = Release|Any CPU
		{5099BB33-0B9C-439E-9FF0-F5CCDB816A43}.Release|Any CPU.Build.0 = Release|Any CPU
		{44853BAA-ECC1-442C-B49E-829230FB365E}.Debug|Any CPU.ActiveCfg = Debug|Any CPU
		{44853BAA-ECC1-442C-B49E-829230FB365E}.Debug|Any CPU.Build.0 = Debug|Any CPU
		{44853BAA-ECC1-442C-B49E-829230FB365E}.Release|Any CPU.ActiveCfg = Release|Any CPU
		{44853BAA-ECC1-442C-B49E-829230FB365E}.Release|Any CPU.Build.0 = Release|Any CPU
		{03D4B8DF-8409-4AB6-A4A4-7CCF7FD022C8}.Debug|Any CPU.ActiveCfg = Debug|Any CPU
		{03D4B8DF-8409-4AB6-A4A4-7CCF7FD022C8}.Debug|Any CPU.Build.0 = Debug|Any CPU
		{03D4B8DF-8409-4AB6-A4A4-7CCF7FD022C8}.Release|Any CPU.ActiveCfg = Release|Any CPU
		{03D4B8DF-8409-4AB6-A4A4-7CCF7FD022C8}.Release|Any CPU.Build.0 = Release|Any CPU
		{62EBB111-AAC9-434E-B3A0-29D59D337BBE}.Debug|Any CPU.ActiveCfg = Debug|Any CPU
		{62EBB111-AAC9-434E-B3A0-29D59D337BBE}.Debug|Any CPU.Build.0 = Debug|Any CPU
		{62EBB111-AAC9-434E-B3A0-29D59D337BBE}.Release|Any CPU.ActiveCfg = Release|Any CPU
		{62EBB111-AAC9-434E-B3A0-29D59D337BBE}.Release|Any CPU.Build.0 = Release|Any CPU
		{023FADC1-C5B2-4C81-AE7F-A9317CCEC13B}.Debug|Any CPU.ActiveCfg = Debug|Any CPU
		{023FADC1-C5B2-4C81-AE7F-A9317CCEC13B}.Debug|Any CPU.Build.0 = Debug|Any CPU
		{023FADC1-C5B2-4C81-AE7F-A9317CCEC13B}.Release|Any CPU.ActiveCfg = Release|Any CPU
		{023FADC1-C5B2-4C81-AE7F-A9317CCEC13B}.Release|Any CPU.Build.0 = Release|Any CPU
		{61AEBE79-CCC3-4258-806F-DE4765AE7D15}.Debug|Any CPU.ActiveCfg = Debug|Any CPU
		{61AEBE79-CCC3-4258-806F-DE4765AE7D15}.Debug|Any CPU.Build.0 = Debug|Any CPU
		{61AEBE79-CCC3-4258-806F-DE4765AE7D15}.Release|Any CPU.ActiveCfg = Release|Any CPU
		{61AEBE79-CCC3-4258-806F-DE4765AE7D15}.Release|Any CPU.Build.0 = Release|Any CPU
		{2B476D8E-E79B-4377-A542-C7F25134627F}.Debug|Any CPU.ActiveCfg = Debug|Any CPU
		{2B476D8E-E79B-4377-A542-C7F25134627F}.Debug|Any CPU.Build.0 = Debug|Any CPU
		{2B476D8E-E79B-4377-A542-C7F25134627F}.Release|Any CPU.ActiveCfg = Release|Any CPU
		{2B476D8E-E79B-4377-A542-C7F25134627F}.Release|Any CPU.Build.0 = Release|Any CPU
		{A872F43B-136B-4C3A-905B-EA241D13564F}.Debug|Any CPU.ActiveCfg = Debug|Any CPU
		{A872F43B-136B-4C3A-905B-EA241D13564F}.Debug|Any CPU.Build.0 = Debug|Any CPU
		{A872F43B-136B-4C3A-905B-EA241D13564F}.Release|Any CPU.ActiveCfg = Release|Any CPU
		{A872F43B-136B-4C3A-905B-EA241D13564F}.Release|Any CPU.Build.0 = Release|Any CPU
		{D0C77241-BED2-480F-9EB6-867A41736C9C}.Debug|Any CPU.ActiveCfg = Debug|Any CPU
		{D0C77241-BED2-480F-9EB6-867A41736C9C}.Debug|Any CPU.Build.0 = Debug|Any CPU
		{D0C77241-BED2-480F-9EB6-867A41736C9C}.Release|Any CPU.ActiveCfg = Release|Any CPU
		{D0C77241-BED2-480F-9EB6-867A41736C9C}.Release|Any CPU.Build.0 = Release|Any CPU
		{B74D497F-F639-4F3E-BE0A-92112E482B13}.Debug|Any CPU.ActiveCfg = Debug|Any CPU
		{B74D497F-F639-4F3E-BE0A-92112E482B13}.Debug|Any CPU.Build.0 = Debug|Any CPU
		{B74D497F-F639-4F3E-BE0A-92112E482B13}.Release|Any CPU.ActiveCfg = Release|Any CPU
		{B74D497F-F639-4F3E-BE0A-92112E482B13}.Release|Any CPU.Build.0 = Release|Any CPU
		{574409FF-D9E7-4215-AEFF-50F7716D22E0}.Debug|Any CPU.ActiveCfg = Debug|Any CPU
		{574409FF-D9E7-4215-AEFF-50F7716D22E0}.Debug|Any CPU.Build.0 = Debug|Any CPU
		{574409FF-D9E7-4215-AEFF-50F7716D22E0}.Release|Any CPU.ActiveCfg = Release|Any CPU
		{574409FF-D9E7-4215-AEFF-50F7716D22E0}.Release|Any CPU.Build.0 = Release|Any CPU
		{B5A32136-DA38-44CF-AF21-4DB91B05CEAD}.Debug|Any CPU.ActiveCfg = Debug|Any CPU
		{B5A32136-DA38-44CF-AF21-4DB91B05CEAD}.Debug|Any CPU.Build.0 = Debug|Any CPU
		{B5A32136-DA38-44CF-AF21-4DB91B05CEAD}.Release|Any CPU.ActiveCfg = Release|Any CPU
		{B5A32136-DA38-44CF-AF21-4DB91B05CEAD}.Release|Any CPU.Build.0 = Release|Any CPU
		{8664A54C-5840-468A-8DC6-68620BE6DEE0}.Debug|Any CPU.ActiveCfg = Debug|Any CPU
		{8664A54C-5840-468A-8DC6-68620BE6DEE0}.Debug|Any CPU.Build.0 = Debug|Any CPU
		{8664A54C-5840-468A-8DC6-68620BE6DEE0}.Release|Any CPU.ActiveCfg = Release|Any CPU
		{8664A54C-5840-468A-8DC6-68620BE6DEE0}.Release|Any CPU.Build.0 = Release|Any CPU
		{4E5DB03C-5CF7-4DE7-BBAB-F186247A0949}.Debug|Any CPU.ActiveCfg = Debug|Any CPU
		{4E5DB03C-5CF7-4DE7-BBAB-F186247A0949}.Debug|Any CPU.Build.0 = Debug|Any CPU
		{4E5DB03C-5CF7-4DE7-BBAB-F186247A0949}.Release|Any CPU.ActiveCfg = Release|Any CPU
		{4E5DB03C-5CF7-4DE7-BBAB-F186247A0949}.Release|Any CPU.Build.0 = Release|Any CPU
		{B162CA77-E6FF-4997-863F-B186BFCB7A3C}.Debug|Any CPU.ActiveCfg = Debug|Any CPU
		{B162CA77-E6FF-4997-863F-B186BFCB7A3C}.Debug|Any CPU.Build.0 = Debug|Any CPU
		{B162CA77-E6FF-4997-863F-B186BFCB7A3C}.Release|Any CPU.ActiveCfg = Release|Any CPU
		{B162CA77-E6FF-4997-863F-B186BFCB7A3C}.Release|Any CPU.Build.0 = Release|Any CPU
		{F234C57F-71EB-4883-9C7E-183FA419012C}.Debug|Any CPU.ActiveCfg = Debug|Any CPU
		{F234C57F-71EB-4883-9C7E-183FA419012C}.Debug|Any CPU.Build.0 = Debug|Any CPU
		{F234C57F-71EB-4883-9C7E-183FA419012C}.Release|Any CPU.ActiveCfg = Release|Any CPU
		{F234C57F-71EB-4883-9C7E-183FA419012C}.Release|Any CPU.Build.0 = Release|Any CPU
		{6AEAD1C3-7D92-43EF-9F8C-12B9EBDE67B8}.Debug|Any CPU.ActiveCfg = Debug|Any CPU
		{6AEAD1C3-7D92-43EF-9F8C-12B9EBDE67B8}.Debug|Any CPU.Build.0 = Debug|Any CPU
		{6AEAD1C3-7D92-43EF-9F8C-12B9EBDE67B8}.Release|Any CPU.ActiveCfg = Release|Any CPU
		{6AEAD1C3-7D92-43EF-9F8C-12B9EBDE67B8}.Release|Any CPU.Build.0 = Release|Any CPU
		{1B46AE88-350F-400F-B063-F2C7004BDF0F}.Debug|Any CPU.ActiveCfg = Debug|Any CPU
		{1B46AE88-350F-400F-B063-F2C7004BDF0F}.Debug|Any CPU.Build.0 = Debug|Any CPU
		{1B46AE88-350F-400F-B063-F2C7004BDF0F}.Release|Any CPU.ActiveCfg = Release|Any CPU
		{1B46AE88-350F-400F-B063-F2C7004BDF0F}.Release|Any CPU.Build.0 = Release|Any CPU
		{DEB3B8C0-1CF1-4638-A289-F5CEC21C744C}.Debug|Any CPU.ActiveCfg = Debug|Any CPU
		{DEB3B8C0-1CF1-4638-A289-F5CEC21C744C}.Debug|Any CPU.Build.0 = Debug|Any CPU
		{DEB3B8C0-1CF1-4638-A289-F5CEC21C744C}.Release|Any CPU.ActiveCfg = Release|Any CPU
		{DEB3B8C0-1CF1-4638-A289-F5CEC21C744C}.Release|Any CPU.Build.0 = Release|Any CPU
		{1A8C9BD5-9AF0-434B-985B-44A55E615AF7}.Debug|Any CPU.ActiveCfg = Debug|Any CPU
		{1A8C9BD5-9AF0-434B-985B-44A55E615AF7}.Debug|Any CPU.Build.0 = Debug|Any CPU
		{1A8C9BD5-9AF0-434B-985B-44A55E615AF7}.Release|Any CPU.ActiveCfg = Release|Any CPU
		{1A8C9BD5-9AF0-434B-985B-44A55E615AF7}.Release|Any CPU.Build.0 = Release|Any CPU
		{0A2F2643-C6EB-43FF-86B2-5A62F3363421}.Debug|Any CPU.ActiveCfg = Debug|Any CPU
		{0A2F2643-C6EB-43FF-86B2-5A62F3363421}.Debug|Any CPU.Build.0 = Debug|Any CPU
		{0A2F2643-C6EB-43FF-86B2-5A62F3363421}.Release|Any CPU.ActiveCfg = Release|Any CPU
		{0A2F2643-C6EB-43FF-86B2-5A62F3363421}.Release|Any CPU.Build.0 = Release|Any CPU
	EndGlobalSection
	GlobalSection(SolutionProperties) = preSolution
		HideSolutionNode = FALSE
	EndGlobalSection
	GlobalSection(ExtensibilityGlobals) = postSolution
		SolutionGuid = {B22A0DCC-70E2-4ABE-AFE5-B541479DB366}
	EndGlobalSection
EndGlobal
